
Microsoft Visual Studio Solution File, Format Version 12.00
# Visual Studio Version 17
VisualStudioVersion = 17.8.34322.80
MinimumVisualStudioVersion = 10.0.40219.1
Project("{9A19103F-16F7-4668-BE54-9A1E7A4F7556}") = "QuizApplication.Server", "QuizApplication\Server\QuizApplication.Server.csproj", "{776A5EF4-8BFC-401B-B7CF-3CA4CBF96BC4}"
EndProject
Project("{9A19103F-16F7-4668-BE54-9A1E7A4F7556}") = "QuizApplication.Client", "QuizApplication\Client\QuizApplication.Client.csproj", "{A375AF57-45BE-4873-B711-2456E309F0C5}"
EndProject
Project("{9A19103F-16F7-4668-BE54-9A1E7A4F7556}") = "QuizApplication.Shared", "QuizApplication\Shared\QuizApplication.Shared.csproj", "{7E3B7D5C-DF72-481D-8C26-8F4FD8913C98}"
EndProject
Global
	GlobalSection(SolutionConfigurationPlatforms) = preSolution
		Debug|Any CPU = Debug|Any CPU
		Release|Any CPU = Release|Any CPU
	EndGlobalSection
	GlobalSection(ProjectConfigurationPlatforms) = postSolution
		{776A5EF4-8BFC-401B-B7CF-3CA4CBF96BC4}.Debug|Any CPU.ActiveCfg = Debug|Any CPU
		{776A5EF4-8BFC-401B-B7CF-3CA4CBF96BC4}.Debug|Any CPU.Build.0 = Debug|Any CPU
		{776A5EF4-8BFC-401B-B7CF-3CA4CBF96BC4}.Release|Any CPU.ActiveCfg = Release|Any CPU
		{776A5EF4-8BFC-401B-B7CF-3CA4CBF96BC4}.Release|Any CPU.Build.0 = Release|Any CPU
		{A375AF57-45BE-4873-B711-2456E309F0C5}.Debug|Any CPU.ActiveCfg = Debug|Any CPU
		{A375AF57-45BE-4873-B711-2456E309F0C5}.Debug|Any CPU.Build.0 = Debug|Any CPU
		{A375AF57-45BE-4873-B711-2456E309F0C5}.Release|Any CPU.ActiveCfg = Release|Any CPU
		{A375AF57-45BE-4873-B711-2456E309F0C5}.Release|Any CPU.Build.0 = Release|Any CPU
		{7E3B7D5C-DF72-481D-8C26-8F4FD8913C98}.Debug|Any CPU.ActiveCfg = Debug|Any CPU
		{7E3B7D5C-DF72-481D-8C26-8F4FD8913C98}.Debug|Any CPU.Build.0 = Debug|Any CPU
		{7E3B7D5C-DF72-481D-8C26-8F4FD8913C98}.Release|Any CPU.ActiveCfg = Release|Any CPU
		{7E3B7D5C-DF72-481D-8C26-8F4FD8913C98}.Release|Any CPU.Build.0 = Release|Any CPU
	EndGlobalSection
	GlobalSection(SolutionProperties) = preSolution
		HideSolutionNode = FALSE
	EndGlobalSection
	GlobalSection(ExtensibilityGlobals) = postSolution
		SolutionGuid = {77CB16FE-0CE2-483D-BC0F-30863EBBA452}
	EndGlobalSection
EndGlobal
